// !$*UTF8*$!
{
	archiveVersion = 1;
	classes = {
	};
	objectVersion = 46;
	objects = {

/* Begin PBXBuildFile section */
		BD0C03CB1E72FE57000474DD /* main.m in Sources */ = {isa = PBXBuildFile; fileRef = BD0C03CA1E72FE57000474DD /* main.m */; };
		BD0C03CE1E72FE57000474DD /* AppDelegate.m in Sources */ = {isa = PBXBuildFile; fileRef = BD0C03CD1E72FE57000474DD /* AppDelegate.m */; };
		BD0C03D11E72FE57000474DD /* ViewController.m in Sources */ = {isa = PBXBuildFile; fileRef = BD0C03D01E72FE57000474DD /* ViewController.m */; };
		BD0C03D41E72FE57000474DD /* Main.storyboard in Resources */ = {isa = PBXBuildFile; fileRef = BD0C03D21E72FE57000474DD /* Main.storyboard */; };
		BD0C03D61E72FE57000474DD /* Assets.xcassets in Resources */ = {isa = PBXBuildFile; fileRef = BD0C03D51E72FE57000474DD /* Assets.xcassets */; };
		BD0C03D91E72FE57000474DD /* LaunchScreen.storyboard in Resources */ = {isa = PBXBuildFile; fileRef = BD0C03D71E72FE57000474DD /* LaunchScreen.storyboard */; };
		BD0C03E41E72FE57000474DD /* HTScrollViewTests.m in Sources */ = {isa = PBXBuildFile; fileRef = BD0C03E31E72FE57000474DD /* HTScrollViewTests.m */; };
		BD0C03EF1E72FE57000474DD /* HTScrollViewUITests.m in Sources */ = {isa = PBXBuildFile; fileRef = BD0C03EE1E72FE57000474DD /* HTScrollViewUITests.m */; };
		BD0C03FD1E72FE76000474DD /* timg.jpg in Resources */ = {isa = PBXBuildFile; fileRef = BD0C03FC1E72FE76000474DD /* timg.jpg */; };
/* End PBXBuildFile section */

/* Begin PBXContainerItemProxy section */
		BD0C03E01E72FE57000474DD /* PBXContainerItemProxy */ = {
			isa = PBXContainerItemProxy;
			containerPortal = BD0C03BE1E72FE57000474DD /* Project object */;
			proxyType = 1;
			remoteGlobalIDString = BD0C03C51E72FE57000474DD;
			remoteInfo = HTScrollView;
		};
		BD0C03EB1E72FE57000474DD /* PBXContainerItemProxy */ = {
			isa = PBXContainerItemProxy;
			containerPortal = BD0C03BE1E72FE57000474DD /* Project object */;
			proxyType = 1;
			remoteGlobalIDString = BD0C03C51E72FE57000474DD;
			remoteInfo = HTScrollView;
		};
/* End PBXContainerItemProxy section */

/* Begin PBXFileReference section */
		BD0C03C61E72FE57000474DD /* HTScrollView.app */ = {isa = PBXFileReference; explicitFileType = wrapper.application; includeInIndex = 0; path = HTScrollView.app; sourceTree = BUILT_PRODUCTS_DIR; };
		BD0C03CA1E72FE57000474DD /* main.m */ = {isa = PBXFileReference; lastKnownFileType = sourcecode.c.objc; path = main.m; sourceTree = "<group>"; };
		BD0C03CC1E72FE57000474DD /* AppDelegate.h */ = {isa = PBXFileReference; lastKnownFileType = sourcecode.c.h; path = AppDelegate.h; sourceTree = "<group>"; };
		BD0C03CD1E72FE57000474DD /* AppDelegate.m */ = {isa = PBXFileReference; lastKnownFileType = sourcecode.c.objc; path = AppDelegate.m; sourceTree = "<group>"; };
		BD0C03CF1E72FE57000474DD /* ViewController.h */ = {isa = PBXFileReference; lastKnownFileType = sourcecode.c.h; path = ViewController.h; sourceTree = "<group>"; };
		BD0C03D01E72FE57000474DD /* ViewController.m */ = {isa = PBXFileReference; lastKnownFileType = sourcecode.c.objc; path = ViewController.m; sourceTree = "<group>"; };
		BD0C03D31E72FE57000474DD /* Base */ = {isa = PBXFileReference; lastKnownFileType = file.storyboard; name = Base; path = Base.lproj/Main.storyboard; sourceTree = "<group>"; };
		BD0C03D51E72FE57000474DD /* Assets.xcassets */ = {isa = PBXFileReference; lastKnownFileType = folder.assetcatalog; path = Assets.xcassets; sourceTree = "<group>"; };
		BD0C03D81E72FE57000474DD /* Base */ = {isa = PBXFileReference; lastKnownFileType = file.storyboard; name = Base; path = Base.lproj/LaunchScreen.storyboard; sourceTree = "<group>"; };
		BD0C03DA1E72FE57000474DD /* Info.plist */ = {isa = PBXFileReference; lastKnownFileType = text.plist.xml; path = Info.plist; sourceTree = "<group>"; };
		BD0C03DF1E72FE57000474DD /* HTScrollViewTests.xctest */ = {isa = PBXFileReference; explicitFileType = wrapper.cfbundle; includeInIndex = 0; path = HTScrollViewTests.xctest; sourceTree = BUILT_PRODUCTS_DIR; };
		BD0C03E31E72FE57000474DD /* HTScrollViewTests.m */ = {isa = PBXFileReference; lastKnownFileType = sourcecode.c.objc; path = HTScrollViewTests.m; sourceTree = "<group>"; };
		BD0C03E51E72FE57000474DD /* Info.plist */ = {isa = PBXFileReference; lastKnownFileType = text.plist.xml; path = Info.plist; sourceTree = "<group>"; };
		BD0C03EA1E72FE57000474DD /* HTScrollViewUITests.xctest */ = {isa = PBXFileReference; explicitFileType = wrapper.cfbundle; includeInIndex = 0; path = HTScrollViewUITests.xctest; sourceTree = BUILT_PRODUCTS_DIR; };
		BD0C03EE1E72FE57000474DD /* HTScrollViewUITests.m */ = {isa = PBXFileReference; lastKnownFileType = sourcecode.c.objc; path = HTScrollViewUITests.m; sourceTree = "<group>"; };
		BD0C03F01E72FE57000474DD /* Info.plist */ = {isa = PBXFileReference; lastKnownFileType = text.plist.xml; path = Info.plist; sourceTree = "<group>"; };
		BD0C03FC1E72FE76000474DD /* timg.jpg */ = {isa = PBXFileReference; lastKnownFileType = image.jpeg; path = timg.jpg; sourceTree = "<group>"; };
/* End PBXFileReference section */

/* Begin PBXFrameworksBuildPhase section */
		BD0C03C31E72FE57000474DD /* Frameworks */ = {
			isa = PBXFrameworksBuildPhase;
			buildActionMask = 2147483647;
			files = (
			);
			runOnlyForDeploymentPostprocessing = 0;
		};
		BD0C03DC1E72FE57000474DD /* Frameworks */ = {
			isa = PBXFrameworksBuildPhase;
			buildActionMask = 2147483647;
			files = (
			);
			runOnlyForDeploymentPostprocessing = 0;
		};
		BD0C03E71E72FE57000474DD /* Frameworks */ = {
			isa = PBXFrameworksBuildPhase;
			buildActionMask = 2147483647;
			files = (
			);
			runOnlyForDeploymentPostprocessing = 0;
		};
/* End PBXFrameworksBuildPhase section */

/* Begin PBXGroup section */
		BD0C03BD1E72FE57000474DD = {
			isa = PBXGroup;
			children = (
				BD0C03C81E72FE57000474DD /* HTScrollView */,
				BD0C03E21E72FE57000474DD /* HTScrollViewTests */,
				BD0C03ED1E72FE57000474DD /* HTScrollViewUITests */,
				BD0C03C71E72FE57000474DD /* Products */,
			);
			sourceTree = "<group>";
		};
		BD0C03C71E72FE57000474DD /* Products */ = {
			isa = PBXGroup;
			children = (
				BD0C03C61E72FE57000474DD /* HTScrollView.app */,
				BD0C03DF1E72FE57000474DD /* HTScrollViewTests.xctest */,
				BD0C03EA1E72FE57000474DD /* HTScrollViewUITests.xctest */,
			);
			name = Products;
			sourceTree = "<group>";
		};
		BD0C03C81E72FE57000474DD /* HTScrollView */ = {
			isa = PBXGroup;
			children = (
				BD0C03FC1E72FE76000474DD /* timg.jpg */,
				BD0C03CC1E72FE57000474DD /* AppDelegate.h */,
				BD0C03CD1E72FE57000474DD /* AppDelegate.m */,
				BD0C03CF1E72FE57000474DD /* ViewController.h */,
				BD0C03D01E72FE57000474DD /* ViewController.m */,
				BD0C03D21E72FE57000474DD /* Main.storyboard */,
				BD0C03D51E72FE57000474DD /* Assets.xcassets */,
				BD0C03D71E72FE57000474DD /* LaunchScreen.storyboard */,
				BD0C03DA1E72FE57000474DD /* Info.plist */,
				BD0C03C91E72FE57000474DD /* Supporting Files */,
			);
			path = HTScrollView;
			sourceTree = "<group>";
		};
		BD0C03C91E72FE57000474DD /* Supporting Files */ = {
			isa = PBXGroup;
			children = (
				BD0C03CA1E72FE57000474DD /* main.m */,
			);
			name = "Supporting Files";
			sourceTree = "<group>";
		};
		BD0C03E21E72FE57000474DD /* HTScrollViewTests */ = {
			isa = PBXGroup;
			children = (
				BD0C03E31E72FE57000474DD /* HTScrollViewTests.m */,
				BD0C03E51E72FE57000474DD /* Info.plist */,
			);
			path = HTScrollViewTests;
			sourceTree = "<group>";
		};
		BD0C03ED1E72FE57000474DD /* HTScrollViewUITests */ = {
			isa = PBXGroup;
			children = (
				BD0C03EE1E72FE57000474DD /* HTScrollViewUITests.m */,
				BD0C03F01E72FE57000474DD /* Info.plist */,
			);
			path = HTScrollViewUITests;
			sourceTree = "<group>";
		};
/* End PBXGroup section */

/* Begin PBXNativeTarget section */
		BD0C03C51E72FE57000474DD /* HTScrollView */ = {
			isa = PBXNativeTarget;
			buildConfigurationList = BD0C03F31E72FE57000474DD /* Build configuration list for PBXNativeTarget "HTScrollView" */;
			buildPhases = (
				BD0C03C21E72FE57000474DD /* Sources */,
				BD0C03C31E72FE57000474DD /* Frameworks */,
				BD0C03C41E72FE57000474DD /* Resources */,
			);
			buildRules = (
			);
			dependencies = (
			);
			name = HTScrollView;
			productName = HTScrollView;
			productReference = BD0C03C61E72FE57000474DD /* HTScrollView.app */;
			productType = "com.apple.product-type.application";
		};
		BD0C03DE1E72FE57000474DD /* HTScrollViewTests */ = {
			isa = PBXNativeTarget;
			buildConfigurationList = BD0C03F61E72FE57000474DD /* Build configuration list for PBXNativeTarget "HTScrollViewTests" */;
			buildPhases = (
				BD0C03DB1E72FE57000474DD /* Sources */,
				BD0C03DC1E72FE57000474DD /* Frameworks */,
				BD0C03DD1E72FE57000474DD /* Resources */,
			);
			buildRules = (
			);
			dependencies = (
				BD0C03E11E72FE57000474DD /* PBXTargetDependency */,
			);
			name = HTScrollViewTests;
			productName = HTScrollViewTests;
			productReference = BD0C03DF1E72FE57000474DD /* HTScrollViewTests.xctest */;
			productType = "com.apple.product-type.bundle.unit-test";
		};
		BD0C03E91E72FE57000474DD /* HTScrollViewUITests */ = {
			isa = PBXNativeTarget;
			buildConfigurationList = BD0C03F91E72FE57000474DD /* Build configuration list for PBXNativeTarget "HTScrollViewUITests" */;
			buildPhases = (
				BD0C03E61E72FE57000474DD /* Sources */,
				BD0C03E71E72FE57000474DD /* Frameworks */,
				BD0C03E81E72FE57000474DD /* Resources */,
			);
			buildRules = (
			);
			dependencies = (
				BD0C03EC1E72FE57000474DD /* PBXTargetDependency */,
			);
			name = HTScrollViewUITests;
			productName = HTScrollViewUITests;
			productReference = BD0C03EA1E72FE57000474DD /* HTScrollViewUITests.xctest */;
			productType = "com.apple.product-type.bundle.ui-testing";
		};
/* End PBXNativeTarget section */

/* Begin PBXProject section */
		BD0C03BE1E72FE57000474DD /* Project object */ = {
			isa = PBXProject;
			attributes = {
				LastUpgradeCheck = 0730;
				ORGANIZATIONNAME = "一米阳光";
				TargetAttributes = {
					BD0C03C51E72FE57000474DD = {
						CreatedOnToolsVersion = 7.3;
					};
					BD0C03DE1E72FE57000474DD = {
						CreatedOnToolsVersion = 7.3;
						TestTargetID = BD0C03C51E72FE57000474DD;
					};
					BD0C03E91E72FE57000474DD = {
						CreatedOnToolsVersion = 7.3;
						TestTargetID = BD0C03C51E72FE57000474DD;
					};
				};
			};
			buildConfigurationList = BD0C03C11E72FE57000474DD /* Build configuration list for PBXProject "HTScrollView" */;
			compatibilityVersion = "Xcode 3.2";
			developmentRegion = English;
			hasScannedForEncodings = 0;
			knownRegions = (
				en,
				Base,
			);
			mainGroup = BD0C03BD1E72FE57000474DD;
			productRefGroup = BD0C03C71E72FE57000474DD /* Products */;
			projectDirPath = "";
			projectRoot = "";
			targets = (
				BD0C03C51E72FE57000474DD /* HTScrollView */,
				BD0C03DE1E72FE57000474DD /* HTScrollViewTests */,
				BD0C03E91E72FE57000474DD /* HTScrollViewUITests */,
			);
		};
/* End PBXProject section */

/* Begin PBXResourcesBuildPhase section */
		BD0C03C41E72FE57000474DD /* Resources */ = {
			isa = PBXResourcesBuildPhase;
			buildActionMask = 2147483647;
			files = (
				BD0C03FD1E72FE76000474DD /* timg.jpg in Resources */,
				BD0C03D91E72FE57000474DD /* LaunchScreen.storyboard in Resources */,
				BD0C03D61E72FE57000474DD /* Assets.xcassets in Resources */,
				BD0C03D41E72FE57000474DD /* Main.storyboard in Resources */,
			);
			runOnlyForDeploymentPostprocessing = 0;
		};
		BD0C03DD1E72FE57000474DD /* Resources */ = {
			isa = PBXResourcesBuildPhase;
			buildActionMask = 2147483647;
			files = (
			);
			runOnlyForDeploymentPostprocessing = 0;
		};
		BD0C03E81E72FE57000474DD /* Resources */ = {
			isa = PBXResourcesBuildPhase;
			buildActionMask = 2147483647;
			files = (
			);
			runOnlyForDeploymentPostprocessing = 0;
		};
/* End PBXResourcesBuildPhase section */

/* Begin PBXSourcesBuildPhase section */
		BD0C03C21E72FE57000474DD /* Sources */ = {
			isa = PBXSourcesBuildPhase;
			buildActionMask = 2147483647;
			files = (
				BD0C03D11E72FE57000474DD /* ViewController.m in Sources */,
				BD0C03CE1E72FE57000474DD /* AppDelegate.m in Sources */,
				BD0C03CB1E72FE57000474DD /* main.m in Sources */,
			);
			runOnlyForDeploymentPostprocessing = 0;
		};
		BD0C03DB1E72FE57000474DD /* Sources */ = {
			isa = PBXSourcesBuildPhase;
			buildActionMask = 2147483647;
			files = (
				BD0C03E41E72FE57000474DD /* HTScrollViewTests.m in Sources */,
			);
			runOnlyForDeploymentPostprocessing = 0;
		};
		BD0C03E61E72FE57000474DD /* Sources */ = {
			isa = PBXSourcesBuildPhase;
			buildActionMask = 2147483647;
			files = (
				BD0C03EF1E72FE57000474DD /* HTScrollViewUITests.m in Sources */,
			);
			runOnlyForDeploymentPostprocessing = 0;
		};
/* End PBXSourcesBuildPhase section */

/* Begin PBXTargetDependency section */
		BD0C03E11E72FE57000474DD /* PBXTargetDependency */ = {
			isa = PBXTargetDependency;
			target = BD0C03C51E72FE57000474DD /* HTScrollView */;
			targetProxy = BD0C03E01E72FE57000474DD /* PBXContainerItemProxy */;
		};
		BD0C03EC1E72FE57000474DD /* PBXTargetDependency */ = {
			isa = PBXTargetDependency;
			target = BD0C03C51E72FE57000474DD /* HTScrollView */;
			targetProxy = BD0C03EB1E72FE57000474DD /* PBXContainerItemProxy */;
		};
/* End PBXTargetDependency section */

/* Begin PBXVariantGroup section */
		BD0C03D21E72FE57000474DD /* Main.storyboard */ = {
			isa = PBXVariantGroup;
			children = (
				BD0C03D31E72FE57000474DD /* Base */,
			);
			name = Main.storyboard;
			sourceTree = "<group>";
		};
		BD0C03D71E72FE57000474DD /* LaunchScreen.storyboard */ = {
			isa = PBXVariantGroup;
			children = (
				BD0C03D81E72FE57000474DD /* Base */,
			);
			name = LaunchScreen.storyboard;
			sourceTree = "<group>";
		};
/* End PBXVariantGroup section */

/* Begin XCBuildConfiguration section */
		BD0C03F11E72FE57000474DD /* Debug */ = {
			isa = XCBuildConfiguration;
			buildSettings = {
				ALWAYS_SEARCH_USER_PATHS = NO;
				CLANG_CXX_LANGUAGE_STANDARD = "gnu++0x";
				CLANG_CXX_LIBRARY = "libc++";
				CLANG_ENABLE_MODULES = YES;
				CLANG_ENABLE_OBJC_ARC = YES;
				CLANG_WARN_BOOL_CONVERSION = YES;
				CLANG_WARN_CONSTANT_CONVERSION = YES;
				CLANG_WARN_DIRECT_OBJC_ISA_USAGE = YES_ERROR;
				CLANG_WARN_EMPTY_BODY = YES;
				CLANG_WARN_ENUM_CONVERSION = YES;
				CLANG_WARN_INT_CONVERSION = YES;
				CLANG_WARN_OBJC_ROOT_CLASS = YES_ERROR;
				CLANG_WARN_UNREACHABLE_CODE = YES;
				CLANG_WARN__DUPLICATE_METHOD_MATCH = YES;
				"CODE_SIGN_IDENTITY[sdk=iphoneos*]" = "iPhone Developer";
				COPY_PHASE_STRIP = NO;
				DEBUG_INFORMATION_FORMAT = dwarf;
				ENABLE_STRICT_OBJC_MSGSEND = YES;
				ENABLE_TESTABILITY = YES;
				GCC_C_LANGUAGE_STANDARD = gnu99;
				GCC_DYNAMIC_NO_PIC = NO;
				GCC_NO_COMMON_BLOCKS = YES;
				GCC_OPTIMIZATION_LEVEL = 0;
				GCC_PREPROCESSOR_DEFINITIONS = (
					"DEBUG=1",
					"$(inherited)",
				);
				GCC_WARN_64_TO_32_BIT_CONVERSION = YES;
				GCC_WARN_ABOUT_RETURN_TYPE = YES_ERROR;
				GCC_WARN_UNDECLARED_SELECTOR = YES;
				GCC_WARN_UNINITIALIZED_AUTOS = YES_AGGRESSIVE;
				GCC_WARN_UNUSED_FUNCTION = YES;
				GCC_WARN_UNUSED_VARIABLE = YES;
				IPHONEOS_DEPLOYMENT_TARGET = 9.3;
				MTL_ENABLE_DEBUG_INFO = YES;
				ONLY_ACTIVE_ARCH = YES;
				SDKROOT = iphoneos;
			};
			name = Debug;
		};
		BD0C03F21E72FE57000474DD /* Release */ = {
			isa = XCBuildConfiguration;
			buildSettings = {
				ALWAYS_SEARCH_USER_PATHS = NO;
				CLANG_CXX_LANGUAGE_STANDARD = "gnu++0x";
				CLANG_CXX_LIBRARY = "libc++";
				CLANG_ENABLE_MODULES = YES;
				CLANG_ENABLE_OBJC_ARC = YES;
				CLANG_WARN_BOOL_CONVERSION = YES;
				CLANG_WARN_CONSTANT_CONVERSION = YES;
				CLANG_WARN_DIRECT_OBJC_ISA_USAGE = YES_ERROR;
				CLANG_WARN_EMPTY_BODY = YES;
				CLANG_WARN_ENUM_CONVERSION = YES;
				CLANG_WARN_INT_CONVERSION = YES;
				CLANG_WARN_OBJC_ROOT_CLASS = YES_ERROR;
				CLANG_WARN_UNREACHABLE_CODE = YES;
				CLANG_WARN__DUPLICATE_METHOD_MATCH = YES;
				"CODE_SIGN_IDENTITY[sdk=iphoneos*]" = "iPhone Developer";
				COPY_PHASE_STRIP = NO;
				DEBUG_INFORMATION_FORMAT = "dwarf-with-dsym";
				ENABLE_NS_ASSERTIONS = NO;
				ENABLE_STRICT_OBJC_MSGSEND = YES;
				GCC_C_LANGUAGE_STANDARD = gnu99;
				GCC_NO_COMMON_BLOCKS = YES;
				GCC_WARN_64_TO_32_BIT_CONVERSION = YES;
				GCC_WARN_ABOUT_RETURN_TYPE = YES_ERROR;
				GCC_WARN_UNDECLARED_SELECTOR = YES;
				GCC_WARN_UNINITIALIZED_AUTOS = YES_AGGRESSIVE;
				GCC_WARN_UNUSED_FUNCTION = YES;
				GCC_WARN_UNUSED_VARIABLE = YES;
				IPHONEOS_DEPLOYMENT_TARGET = 9.3;
				MTL_ENABLE_DEBUG_INFO = NO;
				SDKROOT = iphoneos;
				VALIDATE_PRODUCT = YES;
			};
			name = Release;
		};
		BD0C03F41E72FE57000474DD /* Debug */ = {
			isa = XCBuildConfiguration;
			buildSettings = {
				ASSETCATALOG_COMPILER_APPICON_NAME = AppIcon;
				INFOPLIST_FILE = HTScrollView/Info.plist;
				LD_RUNPATH_SEARCH_PATHS = "$(inherited) @executable_path/Frameworks";
				PRODUCT_BUNDLE_IDENTIFIER = com.htreapay.xmantest.HTScrollView;
				PRODUCT_NAME = "$(TARGET_NAME)";
			};
			name = Debug;
		};
		BD0C03F51E72FE57000474DD /* Release */ = {
			isa = XCBuildConfiguration;
			buildSettings = {
				ASSETCATALOG_COMPILER_APPICON_NAME = AppIcon;
				INFOPLIST_FILE = HTScrollView/Info.plist;
				LD_RUNPATH_SEARCH_PATHS = "$(inherited) @executable_path/Frameworks";
				PRODUCT_BUNDLE_IDENTIFIER = com.htreapay.xmantest.HTScrollView;
				PRODUCT_NAME = "$(TARGET_NAME)";
			};
			name = Release;
		};
		BD0C03F71E72FE57000474DD /* Debug */ = {
			isa = XCBuildConfiguration;
			buildSettings = {
				BUNDLE_LOADER = "$(TEST_HOST)";
				INFOPLIST_FILE = HTScrollViewTests/Info.plist;
				LD_RUNPATH_SEARCH_PATHS = "$(inherited) @executable_path/Frameworks @loader_path/Frameworks";
				PRODUCT_BUNDLE_IDENTIFIER = com.htreapay.xmantest.HTScrollViewTests;
				PRODUCT_NAME = "$(TARGET_NAME)";
				TEST_HOST = "$(BUILT_PRODUCTS_DIR)/HTScrollView.app/HTScrollView";
			};
			name = Debug;
		};
		BD0C03F81E72FE57000474DD /* Release */ = {
			isa = XCBuildConfiguration;
			buildSettings = {
				BUNDLE_LOADER = "$(TEST_HOST)";
				INFOPLIST_FILE = HTScrollViewTests/Info.plist;
				LD_RUNPATH_SEARCH_PATHS = "$(inherited) @executable_path/Frameworks @loader_path/Frameworks";
				PRODUCT_BUNDLE_IDENTIFIER = com.htreapay.xmantest.HTScrollViewTests;
				PRODUCT_NAME = "$(TARGET_NAME)";
				TEST_HOST = "$(BUILT_PRODUCTS_DIR)/HTScrollView.app/HTScrollView";
			};
			name = Release;
		};
		BD0C03FA1E72FE57000474DD /* Debug */ = {
			isa = XCBuildConfiguration;
			buildSettings = {
				INFOPLIST_FILE = HTScrollViewUITests/Info.plist;
				LD_RUNPATH_SEARCH_PATHS = "$(inherited) @executable_path/Frameworks @loader_path/Frameworks";
				PRODUCT_BUNDLE_IDENTIFIER = com.htreapay.xmantest.HTScrollViewUITests;
				PRODUCT_NAME = "$(TARGET_NAME)";
				TEST_TARGET_NAME = HTScrollView;
			};
			name = Debug;
		};
		BD0C03FB1E72FE57000474DD /* Release */ = {
			isa = XCBuildConfiguration;
			buildSettings = {
				INFOPLIST_FILE = HTScrollViewUITests/Info.plist;
				LD_RUNPATH_SEARCH_PATHS = "$(inherited) @executable_path/Frameworks @loader_path/Frameworks";
				PRODUCT_BUNDLE_IDENTIFIER = com.htreapay.xmantest.HTScrollViewUITests;
				PRODUCT_NAME = "$(TARGET_NAME)";
				TEST_TARGET_NAME = HTScrollView;
			};
			name = Release;
		};
/* End XCBuildConfiguration section */

/* Begin XCConfigurationList section */
		BD0C03C11E72FE57000474DD /* Build configuration list for PBXProject "HTScrollView" */ = {
			isa = XCConfigurationList;
			buildConfigurations = (
				BD0C03F11E72FE57000474DD /* Debug */,
				BD0C03F21E72FE57000474DD /* Release */,
			);
			defaultConfigurationIsVisible = 0;
			defaultConfigurationName = Release;
		};
		BD0C03F31E72FE57000474DD /* Build configuration list for PBXNativeTarget "HTScrollView" */ = {
			isa = XCConfigurationList;
			buildConfigurations = (
				BD0C03F41E72FE57000474DD /* Debug */,
				BD0C03F51E72FE57000474DD /* Release */,
			);
			defaultConfigurationIsVisible = 0;
		};
		BD0C03F61E72FE57000474DD /* Build configuration list for PBXNativeTarget "HTScrollViewTests" */ = {
			isa = XCConfigurationList;
			buildConfigurations = (
				BD0C03F71E72FE57000474DD /* Debug */,
				BD0C03F81E72FE57000474DD /* Release */,
			);
			defaultConfigurationIsVisible = 0;
		};
		BD0C03F91E72FE57000474DD /* Build configuration list for PBXNativeTarget "HTScrollViewUITests" */ = {
			isa = XCConfigurationList;
			buildConfigurations = (
				BD0C03FA1E72FE57000474DD /* Debug */,
				BD0C03FB1E72FE57000474DD /* Release */,
			);
			defaultConfigurationIsVisible = 0;
		};
/* End XCConfigurationList section */
	};
	rootObject = BD0C03BE1E72FE57000474DD /* Project object */;
}
